
Microsoft Visual Studio Solution File, Format Version 12.00
# Visual Studio Version 17
VisualStudioVersion = 17.10.35027.167
MinimumVisualStudioVersion = 10.0.40219.1
Project("{FAE04EC0-301F-11D3-BF4B-00C04F79EFBC}") = "MyClub.UI", "MyClub.UI\MyClub.UI.csproj", "{8A896270-1266-438D-91E5-79D25F686C94}"
EndProject
Project("{FAE04EC0-301F-11D3-BF4B-00C04F79EFBC}") = "SecurityLib", "SecurityLib\SecurityLib.csproj", "{520B1B81-1728-4218-8047-A398723BB96C}"
EndProject
Project("{FAE04EC0-301F-11D3-BF4B-00C04F79EFBC}") = "MyClubLib", "MyClubLib\MyClubLib.csproj", "{88D70AFC-CE4C-475D-97F4-4D33E796E499}"
EndProject
Global
	GlobalSection(SolutionConfigurationPlatforms) = preSolution
		Debug|Any CPU = Debug|Any CPU
		Release|Any CPU = Release|Any CPU
	EndGlobalSection
	GlobalSection(ProjectConfigurationPlatforms) = postSolution
		{8A896270-1266-438D-91E5-79D25F686C94}.Debug|Any CPU.ActiveCfg = Debug|Any CPU
		{8A896270-1266-438D-91E5-79D25F686C94}.Debug|Any CPU.Build.0 = Debug|Any CPU
		{8A896270-1266-438D-91E5-79D25F686C94}.Release|Any CPU.ActiveCfg = Release|Any CPU
		{8A896270-1266-438D-91E5-79D25F686C94}.Release|Any CPU.Build.0 = Release|Any CPU
		{520B1B81-1728-4218-8047-A398723BB96C}.Debug|Any CPU.ActiveCfg = Debug|Any CPU
		{520B1B81-1728-4218-8047-A398723BB96C}.Debug|Any CPU.Build.0 = Debug|Any CPU
		{520B1B81-1728-4218-8047-A398723BB96C}.Release|Any CPU.ActiveCfg = Release|Any CPU
		{520B1B81-1728-4218-8047-A398723BB96C}.Release|Any CPU.Build.0 = Release|Any CPU
		{88D70AFC-CE4C-475D-97F4-4D33E796E499}.Debug|Any CPU.ActiveCfg = Debug|Any CPU
		{88D70AFC-CE4C-475D-97F4-4D33E796E499}.Debug|Any CPU.Build.0 = Debug|Any CPU
		{88D70AFC-CE4C-475D-97F4-4D33E796E499}.Release|Any CPU.ActiveCfg = Release|Any CPU
		{88D70AFC-CE4C-475D-97F4-4D33E796E499}.Release|Any CPU.Build.0 = Release|Any CPU
	EndGlobalSection
	GlobalSection(SolutionProperties) = preSolution
		HideSolutionNode = FALSE
	EndGlobalSection
	GlobalSection(ExtensibilityGlobals) = postSolution
		SolutionGuid = {AC14E4ED-5BAF-43CA-8FA7-0BF2CD488DD3}
	EndGlobalSection
EndGlobal
